
Microsoft Visual Studio Solution File, Format Version 12.00
Project("{FAE04EC0-301F-11D3-BF4B-00C04F79EFBC}") = "gRPCserver", "gRPCserver\gRPCserver.csproj", "{EA9F5541-6B45-458B-B762-89DFB80ADE8E}"
EndProject
Project("{FAE04EC0-301F-11D3-BF4B-00C04F79EFBC}") = "gRPCclient", "gRPCclient\gRPCclient.csproj", "{9FE5A8DD-A68E-452E-8BB6-5E5E9288FA24}"
EndProject
Global
	GlobalSection(SolutionConfigurationPlatforms) = preSolution
		Debug|Any CPU = Debug|Any CPU
		Release|Any CPU = Release|Any CPU
	EndGlobalSection
	GlobalSection(ProjectConfigurationPlatforms) = postSolution
		{EA9F5541-6B45-458B-B762-89DFB80ADE8E}.Debug|Any CPU.ActiveCfg = Debug|Any CPU
		{EA9F5541-6B45-458B-B762-89DFB80ADE8E}.Debug|Any CPU.Build.0 = Debug|Any CPU
		{EA9F5541-6B45-458B-B762-89DFB80ADE8E}.Release|Any CPU.ActiveCfg = Release|Any CPU
		{EA9F5541-6B45-458B-B762-89DFB80ADE8E}.Release|Any CPU.Build.0 = Release|Any CPU
		{9FE5A8DD-A68E-452E-8BB6-5E5E9288FA24}.Debug|Any CPU.ActiveCfg = Debug|Any CPU
		{9FE5A8DD-A68E-452E-8BB6-5E5E9288FA24}.Debug|Any CPU.Build.0 = Debug|Any CPU
		{9FE5A8DD-A68E-452E-8BB6-5E5E9288FA24}.Release|Any CPU.ActiveCfg = Release|Any CPU
		{9FE5A8DD-A68E-452E-8BB6-5E5E9288FA24}.Release|Any CPU.Build.0 = Release|Any CPU
	EndGlobalSection
EndGlobal
